// !$*UTF8*$!
{
	archiveVersion = 1;
	classes = {
	};
	objectVersion = 55;
	objects = {

/* Begin PBXBuildFile section */
		DCBA41C229E928610051F2A8 /* Helper.swift in Sources */ = {isa = PBXBuildFile; fileRef = DCBA41C129E928610051F2A8 /* Helper.swift */; };
		DCC51A2F29DBED3900223FBE /* AppDelegate.swift in Sources */ = {isa = PBXBuildFile; fileRef = DCC51A2E29DBED3900223FBE /* AppDelegate.swift */; };
		DCC51A3129DBED3900223FBE /* SceneDelegate.swift in Sources */ = {isa = PBXBuildFile; fileRef = DCC51A3029DBED3900223FBE /* SceneDelegate.swift */; };
		DCC51A3329DBED3900223FBE /* ViewController.swift in Sources */ = {isa = PBXBuildFile; fileRef = DCC51A3229DBED3900223FBE /* ViewController.swift */; };
		DCC51A3629DBED3900223FBE /* Main.storyboard in Resources */ = {isa = PBXBuildFile; fileRef = DCC51A3429DBED3900223FBE /* Main.storyboard */; };
		DCC51A3829DBED3B00223FBE /* Assets.xcassets in Resources */ = {isa = PBXBuildFile; fileRef = DCC51A3729DBED3B00223FBE /* Assets.xcassets */; };
		DCC51A3B29DBED3B00223FBE /* LaunchScreen.storyboard in Resources */ = {isa = PBXBuildFile; fileRef = DCC51A3929DBED3B00223FBE /* LaunchScreen.storyboard */; };
		F6335DA3CBA6EBEB3D0EEA74 /* Pods_Neobis_iOS_StopWatch.framework in Frameworks */ = {isa = PBXBuildFile; fileRef = F6BC89B35AE7212D4DB65633 /* Pods_Neobis_iOS_StopWatch.framework */; };
/* End PBXBuildFile section */

/* Begin PBXFileReference section */
		918512542285122E9610B154 /* Pods-Neobis_iOS_StopWatch.release.xcconfig */ = {isa = PBXFileReference; includeInIndex = 1; lastKnownFileType = text.xcconfig; name = "Pods-Neobis_iOS_StopWatch.release.xcconfig"; path = "Target Support Files/Pods-Neobis_iOS_StopWatch/Pods-Neobis_iOS_StopWatch.release.xcconfig"; sourceTree = "<group>"; };
		949DC53EED58674811E571AC /* Pods-Neobis_iOS_StopWatch.debug.xcconfig */ = {isa = PBXFileReference; includeInIndex = 1; lastKnownFileType = text.xcconfig; name = "Pods-Neobis_iOS_StopWatch.debug.xcconfig"; path = "Target Support Files/Pods-Neobis_iOS_StopWatch/Pods-Neobis_iOS_StopWatch.debug.xcconfig"; sourceTree = "<group>"; };
		DCBA41C129E928610051F2A8 /* Helper.swift */ = {isa = PBXFileReference; lastKnownFileType = sourcecode.swift; path = Helper.swift; sourceTree = "<group>"; };
		DCC51A2B29DBED3900223FBE /* Neobis_iOS_StopWatch.app */ = {isa = PBXFileReference; explicitFileType = wrapper.application; includeInIndex = 0; path = Neobis_iOS_StopWatch.app; sourceTree = BUILT_PRODUCTS_DIR; };
		DCC51A2E29DBED3900223FBE /* AppDelegate.swift */ = {isa = PBXFileReference; lastKnownFileType = sourcecode.swift; path = AppDelegate.swift; sourceTree = "<group>"; };
		DCC51A3029DBED3900223FBE /* SceneDelegate.swift */ = {isa = PBXFileReference; lastKnownFileType = sourcecode.swift; path = SceneDelegate.swift; sourceTree = "<group>"; };
		DCC51A3229DBED3900223FBE /* ViewController.swift */ = {isa = PBXFileReference; lastKnownFileType = sourcecode.swift; path = ViewController.swift; sourceTree = "<group>"; };
		DCC51A3529DBED3900223FBE /* Base */ = {isa = PBXFileReference; lastKnownFileType = file.storyboard; name = Base; path = Base.lproj/Main.storyboard; sourceTree = "<group>"; };
		DCC51A3729DBED3B00223FBE /* Assets.xcassets */ = {isa = PBXFileReference; lastKnownFileType = folder.assetcatalog; path = Assets.xcassets; sourceTree = "<group>"; };
		DCC51A3A29DBED3B00223FBE /* Base */ = {isa = PBXFileReference; lastKnownFileType = file.storyboard; name = Base; path = Base.lproj/LaunchScreen.storyboard; sourceTree = "<group>"; };
		DCC51A3C29DBED3B00223FBE /* Info.plist */ = {isa = PBXFileReference; lastKnownFileType = text.plist.xml; path = Info.plist; sourceTree = "<group>"; };
		F6BC89B35AE7212D4DB65633 /* Pods_Neobis_iOS_StopWatch.framework */ = {isa = PBXFileReference; explicitFileType = wrapper.framework; includeInIndex = 0; path = Pods_Neobis_iOS_StopWatch.framework; sourceTree = BUILT_PRODUCTS_DIR; };
/* End PBXFileReference section */

/* Begin PBXFrameworksBuildPhase section */
		DCC51A2829DBED3800223FBE /* Frameworks */ = {
			isa = PBXFrameworksBuildPhase;
			buildActionMask = 2147483647;
			files = (
				F6335DA3CBA6EBEB3D0EEA74 /* Pods_Neobis_iOS_StopWatch.framework in Frameworks */,
			);
			runOnlyForDeploymentPostprocessing = 0;
		};
/* End PBXFrameworksBuildPhase section */

/* Begin PBXGroup section */
		403B3E8A1AE8009C6B909EF8 /* Pods */ = {
			isa = PBXGroup;
			children = (
				949DC53EED58674811E571AC /* Pods-Neobis_iOS_StopWatch.debug.xcconfig */,
				918512542285122E9610B154 /* Pods-Neobis_iOS_StopWatch.release.xcconfig */,
			);
			path = Pods;
			sourceTree = "<group>";
		};
		82F2B93EAEE709ABB5ACA890 /* Frameworks */ = {
			isa = PBXGroup;
			children = (
				F6BC89B35AE7212D4DB65633 /* Pods_Neobis_iOS_StopWatch.framework */,
			);
			name = Frameworks;
			sourceTree = "<group>";
		};
		DCBA41BF29E928340051F2A8 /* Delegate */ = {
			isa = PBXGroup;
			children = (
				DCC51A2E29DBED3900223FBE /* AppDelegate.swift */,
				DCC51A3029DBED3900223FBE /* SceneDelegate.swift */,
			);
			path = Delegate;
			sourceTree = "<group>";
		};
		DCBA41C029E9284F0051F2A8 /* Controller */ = {
			isa = PBXGroup;
			children = (
				DCC51A3229DBED3900223FBE /* ViewController.swift */,
			);
			path = Controller;
			sourceTree = "<group>";
		};
		DCBA41C329E928690051F2A8 /* Helpers */ = {
			isa = PBXGroup;
			children = (
				DCBA41C129E928610051F2A8 /* Helper.swift */,
			);
			path = Helpers;
			sourceTree = "<group>";
		};
		DCC51A2229DBED3800223FBE = {
			isa = PBXGroup;
			children = (
				DCC51A2D29DBED3900223FBE /* Neobis_iOS_StopWatch */,
				DCC51A2C29DBED3900223FBE /* Products */,
				403B3E8A1AE8009C6B909EF8 /* Pods */,
				82F2B93EAEE709ABB5ACA890 /* Frameworks */,
			);
			sourceTree = "<group>";
		};
		DCC51A2C29DBED3900223FBE /* Products */ = {
			isa = PBXGroup;
			children = (
				DCC51A2B29DBED3900223FBE /* Neobis_iOS_StopWatch.app */,
			);
			name = Products;
			sourceTree = "<group>";
		};
		DCC51A2D29DBED3900223FBE /* Neobis_iOS_StopWatch */ = {
			isa = PBXGroup;
			children = (
				DCBA41C029E9284F0051F2A8 /* Controller */,
				DCBA41C329E928690051F2A8 /* Helpers */,
				DCBA41BF29E928340051F2A8 /* Delegate */,
				DCC51A3429DBED3900223FBE /* Main.storyboard */,
				DCC51A3729DBED3B00223FBE /* Assets.xcassets */,
				DCC51A3929DBED3B00223FBE /* LaunchScreen.storyboard */,
				DCC51A3C29DBED3B00223FBE /* Info.plist */,
			);
			path = Neobis_iOS_StopWatch;
			sourceTree = "<group>";
		};
/* End PBXGroup section */

/* Begin PBXNativeTarget section */
		DCC51A2A29DBED3800223FBE /* Neobis_iOS_StopWatch */ = {
			isa = PBXNativeTarget;
			buildConfigurationList = DCC51A3F29DBED3B00223FBE /* Build configuration list for PBXNativeTarget "Neobis_iOS_StopWatch" */;
			buildPhases = (
				5533B77E16F7B9D66A876489 /* [CP] Check Pods Manifest.lock */,
				DCC51A2729DBED3800223FBE /* Sources */,
				DCC51A2829DBED3800223FBE /* Frameworks */,
				DCC51A2929DBED3800223FBE /* Resources */,
				0008FF78D245D52650D68DFB /* [CP] Embed Pods Frameworks */,
			);
			buildRules = (
			);
			dependencies = (
			);
			name = Neobis_iOS_StopWatch;
			productName = Neobis_iOS_StopWatch;
			productReference = DCC51A2B29DBED3900223FBE /* Neobis_iOS_StopWatch.app */;
			productType = "com.apple.product-type.application";
		};
/* End PBXNativeTarget section */

/* Begin PBXProject section */
		DCC51A2329DBED3800223FBE /* Project object */ = {
			isa = PBXProject;
			attributes = {
				BuildIndependentTargetsInParallel = 1;
				LastSwiftUpdateCheck = 1340;
				LastUpgradeCheck = 1340;
				TargetAttributes = {
					DCC51A2A29DBED3800223FBE = {
						CreatedOnToolsVersion = 13.4.1;
					};
				};
			};
			buildConfigurationList = DCC51A2629DBED3800223FBE /* Build configuration list for PBXProject "Neobis_iOS_StopWatch" */;
			compatibilityVersion = "Xcode 13.0";
			developmentRegion = en;
			hasScannedForEncodings = 0;
			knownRegions = (
				en,
				Base,
			);
			mainGroup = DCC51A2229DBED3800223FBE;
			productRefGroup = DCC51A2C29DBED3900223FBE /* Products */;
			projectDirPath = "";
			projectRoot = "";
			targets = (
				DCC51A2A29DBED3800223FBE /* Neobis_iOS_StopWatch */,
			);
		};
/* End PBXProject section */

/* Begin PBXResourcesBuildPhase section */
		DCC51A2929DBED3800223FBE /* Resources */ = {
			isa = PBXResourcesBuildPhase;
			buildActionMask = 2147483647;
			files = (
				DCC51A3B29DBED3B00223FBE /* LaunchScreen.storyboard in Resources */,
				DCC51A3829DBED3B00223FBE /* Assets.xcassets in Resources */,
				DCC51A3629DBED3900223FBE /* Main.storyboard in Resources */,
			);
			runOnlyForDeploymentPostprocessing = 0;
		};
/* End PBXResourcesBuildPhase section */

/* Begin PBXShellScriptBuildPhase section */
		0008FF78D245D52650D68DFB /* [CP] Embed Pods Frameworks */ = {
			isa = PBXShellScriptBuildPhase;
			buildActionMask = 2147483647;
			files = (
			);
			inputFileListPaths = (
				"${PODS_ROOT}/Target Support Files/Pods-Neobis_iOS_StopWatch/Pods-Neobis_iOS_StopWatch-frameworks-${CONFIGURATION}-input-files.xcfilelist",
			);
			name = "[CP] Embed Pods Frameworks";
			outputFileListPaths = (
				"${PODS_ROOT}/Target Support Files/Pods-Neobis_iOS_StopWatch/Pods-Neobis_iOS_StopWatch-frameworks-${CONFIGURATION}-output-files.xcfilelist",
			);
			runOnlyForDeploymentPostprocessing = 0;
			shellPath = /bin/sh;
			shellScript = "\"${PODS_ROOT}/Target Support Files/Pods-Neobis_iOS_StopWatch/Pods-Neobis_iOS_StopWatch-frameworks.sh\"\n";
			showEnvVarsInLog = 0;
		};
		5533B77E16F7B9D66A876489 /* [CP] Check Pods Manifest.lock */ = {
			isa = PBXShellScriptBuildPhase;
			buildActionMask = 2147483647;
			files = (
			);
			inputFileListPaths = (
			);
			inputPaths = (
				"${PODS_PODFILE_DIR_PATH}/Podfile.lock",
				"${PODS_ROOT}/Manifest.lock",
			);
			name = "[CP] Check Pods Manifest.lock";
			outputFileListPaths = (
			);
			outputPaths = (
				"$(DERIVED_FILE_DIR)/Pods-Neobis_iOS_StopWatch-checkManifestLockResult.txt",
			);
			runOnlyForDeploymentPostprocessing = 0;
			shellPath = /bin/sh;
			shellScript = "diff \"${PODS_PODFILE_DIR_PATH}/Podfile.lock\" \"${PODS_ROOT}/Manifest.lock\" > /dev/null\nif [ $? != 0 ] ; then\n    # print error to STDERR\n    echo \"error: The sandbox is not in sync with the Podfile.lock. Run 'pod install' or update your CocoaPods installation.\" >&2\n    exit 1\nfi\n# This output is used by Xcode 'outputs' to avoid re-running this script phase.\necho \"SUCCESS\" > \"${SCRIPT_OUTPUT_FILE_0}\"\n";
			showEnvVarsInLog = 0;
		};
/* End PBXShellScriptBuildPhase section */

/* Begin PBXSourcesBuildPhase section */
		DCC51A2729DBED3800223FBE /* Sources */ = {
			isa = PBXSourcesBuildPhase;
			buildActionMask = 2147483647;
			files = (
				DCC51A3329DBED3900223FBE /* ViewController.swift in Sources */,
				DCC51A2F29DBED3900223FBE /* AppDelegate.swift in Sources */,
				DCC51A3129DBED3900223FBE /* SceneDelegate.swift in Sources */,
				DCBA41C229E928610051F2A8 /* Helper.swift in Sources */,
			);
			runOnlyForDeploymentPostprocessing = 0;
		};
/* End PBXSourcesBuildPhase section */

/* Begin PBXVariantGroup section */
		DCC51A3429DBED3900223FBE /* Main.storyboard */ = {
			isa = PBXVariantGroup;
			children = (
				DCC51A3529DBED3900223FBE /* Base */,
			);
			name = Main.storyboard;
			sourceTree = "<group>";
		};
		DCC51A3929DBED3B00223FBE /* LaunchScreen.storyboard */ = {
			isa = PBXVariantGroup;
			children = (
				DCC51A3A29DBED3B00223FBE /* Base */,
			);
			name = LaunchScreen.storyboard;
			sourceTree = "<group>";
		};
/* End PBXVariantGroup section */

/* Begin XCBuildConfiguration section */
		DCC51A3D29DBED3B00223FBE /* Debug */ = {
			isa = XCBuildConfiguration;
			buildSettings = {
				ALWAYS_SEARCH_USER_PATHS = NO;
				CLANG_ANALYZER_NONNULL = YES;
				CLANG_ANALYZER_NUMBER_OBJECT_CONVERSION = YES_AGGRESSIVE;
				CLANG_CXX_LANGUAGE_STANDARD = "gnu++17";
				CLANG_ENABLE_MODULES = YES;
				CLANG_ENABLE_OBJC_ARC = YES;
				CLANG_ENABLE_OBJC_WEAK = YES;
				CLANG_WARN_BLOCK_CAPTURE_AUTORELEASING = YES;
				CLANG_WARN_BOOL_CONVERSION = YES;
				CLANG_WARN_COMMA = YES;
				CLANG_WARN_CONSTANT_CONVERSION = YES;
				CLANG_WARN_DEPRECATED_OBJC_IMPLEMENTATIONS = YES;
				CLANG_WARN_DIRECT_OBJC_ISA_USAGE = YES_ERROR;
				CLANG_WARN_DOCUMENTATION_COMMENTS = YES;
				CLANG_WARN_EMPTY_BODY = YES;
				CLANG_WARN_ENUM_CONVERSION = YES;
				CLANG_WARN_INFINITE_RECURSION = YES;
				CLANG_WARN_INT_CONVERSION = YES;
				CLANG_WARN_NON_LITERAL_NULL_CONVERSION = YES;
				CLANG_WARN_OBJC_IMPLICIT_RETAIN_SELF = YES;
				CLANG_WARN_OBJC_LITERAL_CONVERSION = YES;
				CLANG_WARN_OBJC_ROOT_CLASS = YES_ERROR;
				CLANG_WARN_QUOTED_INCLUDE_IN_FRAMEWORK_HEADER = YES;
				CLANG_WARN_RANGE_LOOP_ANALYSIS = YES;
				CLANG_WARN_STRICT_PROTOTYPES = YES;
				CLANG_WARN_SUSPICIOUS_MOVE = YES;
				CLANG_WARN_UNGUARDED_AVAILABILITY = YES_AGGRESSIVE;
				CLANG_WARN_UNREACHABLE_CODE = YES;
				CLANG_WARN__DUPLICATE_METHOD_MATCH = YES;
				COPY_PHASE_STRIP = NO;
				DEBUG_INFORMATION_FORMAT = dwarf;
				ENABLE_STRICT_OBJC_MSGSEND = YES;
				ENABLE_TESTABILITY = YES;
				GCC_C_LANGUAGE_STANDARD = gnu11;
				GCC_DYNAMIC_NO_PIC = NO;
				GCC_NO_COMMON_BLOCKS = YES;
				GCC_OPTIMIZATION_LEVEL = 0;
				GCC_PREPROCESSOR_DEFINITIONS = (
					"DEBUG=1",
					"$(inherited)",
				);
				GCC_WARN_64_TO_32_BIT_CONVERSION = YES;
				GCC_WARN_ABOUT_RETURN_TYPE = YES_ERROR;
				GCC_WARN_UNDECLARED_SELECTOR = YES;
				GCC_WARN_UNINITIALIZED_AUTOS = YES_AGGRESSIVE;
				GCC_WARN_UNUSED_FUNCTION = YES;
				GCC_WARN_UNUSED_VARIABLE = YES;
				IPHONEOS_DEPLOYMENT_TARGET = 15.5;
				MTL_ENABLE_DEBUG_INFO = INCLUDE_SOURCE;
				MTL_FAST_MATH = YES;
				ONLY_ACTIVE_ARCH = YES;
				SDKROOT = iphoneos;
				SWIFT_ACTIVE_COMPILATION_CONDITIONS = DEBUG;
				SWIFT_OPTIMIZATION_LEVEL = "-Onone";
			};
			name = Debug;
		};
		DCC51A3E29DBED3B00223FBE /* Release */ = {
			isa = XCBuildConfiguration;
			buildSettings = {
				ALWAYS_SEARCH_USER_PATHS = NO;
				CLANG_ANALYZER_NONNULL = YES;
				CLANG_ANALYZER_NUMBER_OBJECT_CONVERSION = YES_AGGRESSIVE;
				CLANG_CXX_LANGUAGE_STANDARD = "gnu++17";
				CLANG_ENABLE_MODULES = YES;
				CLANG_ENABLE_OBJC_ARC = YES;
				CLANG_ENABLE_OBJC_WEAK = YES;
				CLANG_WARN_BLOCK_CAPTURE_AUTORELEASING = YES;
				CLANG_WARN_BOOL_CONVERSION = YES;
				CLANG_WARN_COMMA = YES;
				CLANG_WARN_CONSTANT_CONVERSION = YES;
				CLANG_WARN_DEPRECATED_OBJC_IMPLEMENTATIONS = YES;
				CLANG_WARN_DIRECT_OBJC_ISA_USAGE = YES_ERROR;
				CLANG_WARN_DOCUMENTATION_COMMENTS = YES;
				CLANG_WARN_EMPTY_BODY = YES;
				CLANG_WARN_ENUM_CONVERSION = YES;
				CLANG_WARN_INFINITE_RECURSION = YES;
				CLANG_WARN_INT_CONVERSION = YES;
				CLANG_WARN_NON_LITERAL_NULL_CONVERSION = YES;
				CLANG_WARN_OBJC_IMPLICIT_RETAIN_SELF = YES;
				CLANG_WARN_OBJC_LITERAL_CONVERSION = YES;
				CLANG_WARN_OBJC_ROOT_CLASS = YES_ERROR;
				CLANG_WARN_QUOTED_INCLUDE_IN_FRAMEWORK_HEADER = YES;
				CLANG_WARN_RANGE_LOOP_ANALYSIS = YES;
				CLANG_WARN_STRICT_PROTOTYPES = YES;
				CLANG_WARN_SUSPICIOUS_MOVE = YES;
				CLANG_WARN_UNGUARDED_AVAILABILITY = YES_AGGRESSIVE;
				CLANG_WARN_UNREACHABLE_CODE = YES;
				CLANG_WARN__DUPLICATE_METHOD_MATCH = YES;
				COPY_PHASE_STRIP = NO;
				DEBUG_INFORMATION_FORMAT = "dwarf-with-dsym";
				ENABLE_NS_ASSERTIONS = NO;
				ENABLE_STRICT_OBJC_MSGSEND = YES;
				GCC_C_LANGUAGE_STANDARD = gnu11;
				GCC_NO_COMMON_BLOCKS = YES;
				GCC_WARN_64_TO_32_BIT_CONVERSION = YES;
				GCC_WARN_ABOUT_RETURN_TYPE = YES_ERROR;
				GCC_WARN_UNDECLARED_SELECTOR = YES;
				GCC_WARN_UNINITIALIZED_AUTOS = YES_AGGRESSIVE;
				GCC_WARN_UNUSED_FUNCTION = YES;
				GCC_WARN_UNUSED_VARIABLE = YES;
				IPHONEOS_DEPLOYMENT_TARGET = 15.5;
				MTL_ENABLE_DEBUG_INFO = NO;
				MTL_FAST_MATH = YES;
				SDKROOT = iphoneos;
				SWIFT_COMPILATION_MODE = wholemodule;
				SWIFT_OPTIMIZATION_LEVEL = "-O";
				VALIDATE_PRODUCT = YES;
			};
			name = Release;
		};
		DCC51A4029DBED3B00223FBE /* Debug */ = {
			isa = XCBuildConfiguration;
			baseConfigurationReference = 949DC53EED58674811E571AC /* Pods-Neobis_iOS_StopWatch.debug.xcconfig */;
			buildSettings = {
				ASSETCATALOG_COMPILER_APPICON_NAME = AppIcon;
				ASSETCATALOG_COMPILER_GLOBAL_ACCENT_COLOR_NAME = AccentColor;
				CODE_SIGN_STYLE = Automatic;
				CURRENT_PROJECT_VERSION = 1;
				GENERATE_INFOPLIST_FILE = YES;
				INFOPLIST_FILE = Neobis_iOS_StopWatch/Info.plist;
				INFOPLIST_KEY_UIApplicationSupportsIndirectInputEvents = YES;
				INFOPLIST_KEY_UILaunchStoryboardName = LaunchScreen;
				INFOPLIST_KEY_UIMainStoryboardFile = Main;
				INFOPLIST_KEY_UISupportedInterfaceOrientations_iPad = "UIInterfaceOrientationPortrait UIInterfaceOrientationPortraitUpsideDown UIInterfaceOrientationLandscapeLeft UIInterfaceOrientationLandscapeRight";
				INFOPLIST_KEY_UISupportedInterfaceOrientations_iPhone = "UIInterfaceOrientationPortrait UIInterfaceOrientationLandscapeLeft UIInterfaceOrientationLandscapeRight";
				LD_RUNPATH_SEARCH_PATHS = (
					"$(inherited)",
					"@executable_path/Frameworks",
				);
				MARKETING_VERSION = 1.0;
				PRODUCT_BUNDLE_IDENTIFIER = "-.Neobis-iOS-StopWatch";
				PRODUCT_NAME = "$(TARGET_NAME)";
				SWIFT_EMIT_LOC_STRINGS = YES;
				SWIFT_VERSION = 5.0;
				TARGETED_DEVICE_FAMILY = "1,2";
			};
			name = Debug;
		};
		DCC51A4129DBED3B00223FBE /* Release */ = {
			isa = XCBuildConfiguration;
			baseConfigurationReference = 918512542285122E9610B154 /* Pods-Neobis_iOS_StopWatch.release.xcconfig */;
			buildSettings = {
				ASSETCATALOG_COMPILER_APPICON_NAME = AppIcon;
				ASSETCATALOG_COMPILER_GLOBAL_ACCENT_COLOR_NAME = AccentColor;
				CODE_SIGN_STYLE = Automatic;
				CURRENT_PROJECT_VERSION = 1;
				GENERATE_INFOPLIST_FILE = YES;
				INFOPLIST_FILE = Neobis_iOS_StopWatch/Info.plist;
				INFOPLIST_KEY_UIApplicationSupportsIndirectInputEvents = YES;
				INFOPLIST_KEY_UILaunchStoryboardName = LaunchScreen;
				INFOPLIST_KEY_UIMainStoryboardFile = Main;
				INFOPLIST_KEY_UISupportedInterfaceOrientations_iPad = "UIInterfaceOrientationPortrait UIInterfaceOrientationPortraitUpsideDown UIInterfaceOrientationLandscapeLeft UIInterfaceOrientationLandscapeRight";
				INFOPLIST_KEY_UISupportedInterfaceOrientations_iPhone = "UIInterfaceOrientationPortrait UIInterfaceOrientationLandscapeLeft UIInterfaceOrientationLandscapeRight";
				LD_RUNPATH_SEARCH_PATHS = (
					"$(inherited)",
					"@executable_path/Frameworks",
				);
				MARKETING_VERSION = 1.0;
				PRODUCT_BUNDLE_IDENTIFIER = "-.Neobis-iOS-StopWatch";
				PRODUCT_NAME = "$(TARGET_NAME)";
				SWIFT_EMIT_LOC_STRINGS = YES;
				SWIFT_VERSION = 5.0;
				TARGETED_DEVICE_FAMILY = "1,2";
			};
			name = Release;
		};
/* End XCBuildConfiguration section */

/* Begin XCConfigurationList section */
		DCC51A2629DBED3800223FBE /* Build configuration list for PBXProject "Neobis_iOS_StopWatch" */ = {
			isa = XCConfigurationList;
			buildConfigurations = (
				DCC51A3D29DBED3B00223FBE /* Debug */,
				DCC51A3E29DBED3B00223FBE /* Release */,
			);
			defaultConfigurationIsVisible = 0;
			defaultConfigurationName = Release;
		};
		DCC51A3F29DBED3B00223FBE /* Build configuration list for PBXNativeTarget "Neobis_iOS_StopWatch" */ = {
			isa = XCConfigurationList;
			buildConfigurations = (
				DCC51A4029DBED3B00223FBE /* Debug */,
				DCC51A4129DBED3B00223FBE /* Release */,
			);
			defaultConfigurationIsVisible = 0;
			defaultConfigurationName = Release;
		};
/* End XCConfigurationList section */
	};
	rootObject = DCC51A2329DBED3800223FBE /* Project object */;
}
